// !$*UTF8*$!
{
	archiveVersion = 1;
	classes = {
	};
	objectVersion = 50;
	objects = {

/* Begin PBXBuildFile section */
		692F967D22162F2100188681 /* AppDelegate.swift in Sources */ = {isa = PBXBuildFile; fileRef = 692F967C22162F2100188681 /* AppDelegate.swift */; };
		692F967F22162F2100188681 /* ViewController.swift in Sources */ = {isa = PBXBuildFile; fileRef = 692F967E22162F2100188681 /* ViewController.swift */; };
		692F968222162F2100188681 /* Main.storyboard in Resources */ = {isa = PBXBuildFile; fileRef = 692F968022162F2100188681 /* Main.storyboard */; };
		692F968522162F2100188681 /* Hacker_Rank_App.xcdatamodeld in Sources */ = {isa = PBXBuildFile; fileRef = 692F968322162F2100188681 /* Hacker_Rank_App.xcdatamodeld */; };
		692F968722162F2B00188681 /* Assets.xcassets in Resources */ = {isa = PBXBuildFile; fileRef = 692F968622162F2B00188681 /* Assets.xcassets */; };
		692F968A22162F2B00188681 /* LaunchScreen.storyboard in Resources */ = {isa = PBXBuildFile; fileRef = 692F968822162F2B00188681 /* LaunchScreen.storyboard */; };
		692F969522162F2C00188681 /* Hacker_Rank_AppTests.swift in Sources */ = {isa = PBXBuildFile; fileRef = 692F969422162F2C00188681 /* Hacker_Rank_AppTests.swift */; };
		692F96A022162F2C00188681 /* Hacker_Rank_AppUITests.swift in Sources */ = {isa = PBXBuildFile; fileRef = 692F969F22162F2C00188681 /* Hacker_Rank_AppUITests.swift */; };
/* End PBXBuildFile section */

/* Begin PBXContainerItemProxy section */
		692F969122162F2C00188681 /* PBXContainerItemProxy */ = {
			isa = PBXContainerItemProxy;
			containerPortal = 692F967122162F2100188681 /* Project object */;
			proxyType = 1;
			remoteGlobalIDString = 692F967822162F2100188681;
			remoteInfo = "Hacker Rank App";
		};
		692F969C22162F2C00188681 /* PBXContainerItemProxy */ = {
			isa = PBXContainerItemProxy;
			containerPortal = 692F967122162F2100188681 /* Project object */;
			proxyType = 1;
			remoteGlobalIDString = 692F967822162F2100188681;
			remoteInfo = "Hacker Rank App";
		};
/* End PBXContainerItemProxy section */

/* Begin PBXFileReference section */
		692F967922162F2100188681 /* Hacker Rank App.app */ = {isa = PBXFileReference; explicitFileType = wrapper.application; includeInIndex = 0; path = "Hacker Rank App.app"; sourceTree = BUILT_PRODUCTS_DIR; };
		692F967C22162F2100188681 /* AppDelegate.swift */ = {isa = PBXFileReference; lastKnownFileType = sourcecode.swift; path = AppDelegate.swift; sourceTree = "<group>"; };
		692F967E22162F2100188681 /* ViewController.swift */ = {isa = PBXFileReference; lastKnownFileType = sourcecode.swift; path = ViewController.swift; sourceTree = "<group>"; };
		692F968122162F2100188681 /* Base */ = {isa = PBXFileReference; lastKnownFileType = file.storyboard; name = Base; path = Base.lproj/Main.storyboard; sourceTree = "<group>"; };
		692F968422162F2100188681 /* Hacker_Rank_App.xcdatamodel */ = {isa = PBXFileReference; lastKnownFileType = wrapper.xcdatamodel; path = Hacker_Rank_App.xcdatamodel; sourceTree = "<group>"; };
		692F968622162F2B00188681 /* Assets.xcassets */ = {isa = PBXFileReference; lastKnownFileType = folder.assetcatalog; path = Assets.xcassets; sourceTree = "<group>"; };
		692F968922162F2B00188681 /* Base */ = {isa = PBXFileReference; lastKnownFileType = file.storyboard; name = Base; path = Base.lproj/LaunchScreen.storyboard; sourceTree = "<group>"; };
		692F968B22162F2B00188681 /* Info.plist */ = {isa = PBXFileReference; lastKnownFileType = text.plist.xml; path = Info.plist; sourceTree = "<group>"; };
		692F969022162F2C00188681 /* Hacker Rank AppTests.xctest */ = {isa = PBXFileReference; explicitFileType = wrapper.cfbundle; includeInIndex = 0; path = "Hacker Rank AppTests.xctest"; sourceTree = BUILT_PRODUCTS_DIR; };
		692F969422162F2C00188681 /* Hacker_Rank_AppTests.swift */ = {isa = PBXFileReference; lastKnownFileType = sourcecode.swift; path = Hacker_Rank_AppTests.swift; sourceTree = "<group>"; };
		692F969622162F2C00188681 /* Info.plist */ = {isa = PBXFileReference; lastKnownFileType = text.plist.xml; path = Info.plist; sourceTree = "<group>"; };
		692F969B22162F2C00188681 /* Hacker Rank AppUITests.xctest */ = {isa = PBXFileReference; explicitFileType = wrapper.cfbundle; includeInIndex = 0; path = "Hacker Rank AppUITests.xctest"; sourceTree = BUILT_PRODUCTS_DIR; };
		692F969F22162F2C00188681 /* Hacker_Rank_AppUITests.swift */ = {isa = PBXFileReference; lastKnownFileType = sourcecode.swift; path = Hacker_Rank_AppUITests.swift; sourceTree = "<group>"; };
		692F96A122162F2C00188681 /* Info.plist */ = {isa = PBXFileReference; lastKnownFileType = text.plist.xml; path = Info.plist; sourceTree = "<group>"; };
/* End PBXFileReference section */

/* Begin PBXFrameworksBuildPhase section */
		692F967622162F2100188681 /* Frameworks */ = {
			isa = PBXFrameworksBuildPhase;
			buildActionMask = 2147483647;
			files = (
			);
			runOnlyForDeploymentPostprocessing = 0;
		};
		692F968D22162F2C00188681 /* Frameworks */ = {
			isa = PBXFrameworksBuildPhase;
			buildActionMask = 2147483647;
			files = (
			);
			runOnlyForDeploymentPostprocessing = 0;
		};
		692F969822162F2C00188681 /* Frameworks */ = {
			isa = PBXFrameworksBuildPhase;
			buildActionMask = 2147483647;
			files = (
			);
			runOnlyForDeploymentPostprocessing = 0;
		};
/* End PBXFrameworksBuildPhase section */

/* Begin PBXGroup section */
		692F967022162F2100188681 = {
			isa = PBXGroup;
			children = (
				692F967B22162F2100188681 /* Hacker Rank App */,
				692F969322162F2C00188681 /* Hacker Rank AppTests */,
				692F969E22162F2C00188681 /* Hacker Rank AppUITests */,
				692F967A22162F2100188681 /* Products */,
			);
			sourceTree = "<group>";
		};
		692F967A22162F2100188681 /* Products */ = {
			isa = PBXGroup;
			children = (
				692F967922162F2100188681 /* Hacker Rank App.app */,
				692F969022162F2C00188681 /* Hacker Rank AppTests.xctest */,
				692F969B22162F2C00188681 /* Hacker Rank AppUITests.xctest */,
			);
			name = Products;
			sourceTree = "<group>";
		};
		692F967B22162F2100188681 /* Hacker Rank App */ = {
			isa = PBXGroup;
			children = (
				692F967C22162F2100188681 /* AppDelegate.swift */,
				692F967E22162F2100188681 /* ViewController.swift */,
				692F968022162F2100188681 /* Main.storyboard */,
				692F968622162F2B00188681 /* Assets.xcassets */,
				692F968822162F2B00188681 /* LaunchScreen.storyboard */,
				692F968B22162F2B00188681 /* Info.plist */,
				692F968322162F2100188681 /* Hacker_Rank_App.xcdatamodeld */,
			);
			path = "Hacker Rank App";
			sourceTree = "<group>";
		};
		692F969322162F2C00188681 /* Hacker Rank AppTests */ = {
			isa = PBXGroup;
			children = (
				692F969422162F2C00188681 /* Hacker_Rank_AppTests.swift */,
				692F969622162F2C00188681 /* Info.plist */,
			);
			path = "Hacker Rank AppTests";
			sourceTree = "<group>";
		};
		692F969E22162F2C00188681 /* Hacker Rank AppUITests */ = {
			isa = PBXGroup;
			children = (
				692F969F22162F2C00188681 /* Hacker_Rank_AppUITests.swift */,
				692F96A122162F2C00188681 /* Info.plist */,
			);
			path = "Hacker Rank AppUITests";
			sourceTree = "<group>";
		};
/* End PBXGroup section */

/* Begin PBXNativeTarget section */
		692F967822162F2100188681 /* Hacker Rank App */ = {
			isa = PBXNativeTarget;
			buildConfigurationList = 692F96A422162F2C00188681 /* Build configuration list for PBXNativeTarget "Hacker Rank App" */;
			buildPhases = (
				692F967522162F2100188681 /* Sources */,
				692F967622162F2100188681 /* Frameworks */,
				692F967722162F2100188681 /* Resources */,
			);
			buildRules = (
			);
			dependencies = (
			);
			name = "Hacker Rank App";
			productName = "Hacker Rank App";
			productReference = 692F967922162F2100188681 /* Hacker Rank App.app */;
			productType = "com.apple.product-type.application";
		};
		692F968F22162F2C00188681 /* Hacker Rank AppTests */ = {
			isa = PBXNativeTarget;
			buildConfigurationList = 692F96A722162F2C00188681 /* Build configuration list for PBXNativeTarget "Hacker Rank AppTests" */;
			buildPhases = (
				692F968C22162F2C00188681 /* Sources */,
				692F968D22162F2C00188681 /* Frameworks */,
				692F968E22162F2C00188681 /* Resources */,
			);
			buildRules = (
			);
			dependencies = (
				692F969222162F2C00188681 /* PBXTargetDependency */,
			);
			name = "Hacker Rank AppTests";
			productName = "Hacker Rank AppTests";
			productReference = 692F969022162F2C00188681 /* Hacker Rank AppTests.xctest */;
			productType = "com.apple.product-type.bundle.unit-test";
		};
		692F969A22162F2C00188681 /* Hacker Rank AppUITests */ = {
			isa = PBXNativeTarget;
			buildConfigurationList = 692F96AA22162F2C00188681 /* Build configuration list for PBXNativeTarget "Hacker Rank AppUITests" */;
			buildPhases = (
				692F969722162F2C00188681 /* Sources */,
				692F969822162F2C00188681 /* Frameworks */,
				692F969922162F2C00188681 /* Resources */,
			);
			buildRules = (
			);
			dependencies = (
				692F969D22162F2C00188681 /* PBXTargetDependency */,
			);
			name = "Hacker Rank AppUITests";
			productName = "Hacker Rank AppUITests";
			productReference = 692F969B22162F2C00188681 /* Hacker Rank AppUITests.xctest */;
			productType = "com.apple.product-type.bundle.ui-testing";
		};
/* End PBXNativeTarget section */

/* Begin PBXProject section */
		692F967122162F2100188681 /* Project object */ = {
			isa = PBXProject;
			attributes = {
				LastSwiftUpdateCheck = 1010;
				LastUpgradeCheck = 1010;
				ORGANIZATIONNAME = "Alaeldin Tirba";
				TargetAttributes = {
					692F967822162F2100188681 = {
						CreatedOnToolsVersion = 10.1;
					};
					692F968F22162F2C00188681 = {
						CreatedOnToolsVersion = 10.1;
						TestTargetID = 692F967822162F2100188681;
					};
					692F969A22162F2C00188681 = {
						CreatedOnToolsVersion = 10.1;
						TestTargetID = 692F967822162F2100188681;
					};
				};
			};
			buildConfigurationList = 692F967422162F2100188681 /* Build configuration list for PBXProject "Hacker Rank App" */;
			compatibilityVersion = "Xcode 9.3";
			developmentRegion = en;
			hasScannedForEncodings = 0;
			knownRegions = (
				en,
				Base,
			);
			mainGroup = 692F967022162F2100188681;
			productRefGroup = 692F967A22162F2100188681 /* Products */;
			projectDirPath = "";
			projectRoot = "";
			targets = (
				692F967822162F2100188681 /* Hacker Rank App */,
				692F968F22162F2C00188681 /* Hacker Rank AppTests */,
				692F969A22162F2C00188681 /* Hacker Rank AppUITests */,
			);
		};
/* End PBXProject section */

/* Begin PBXResourcesBuildPhase section */
		692F967722162F2100188681 /* Resources */ = {
			isa = PBXResourcesBuildPhase;
			buildActionMask = 2147483647;
			files = (
				692F968A22162F2B00188681 /* LaunchScreen.storyboard in Resources */,
				692F968722162F2B00188681 /* Assets.xcassets in Resources */,
				692F968222162F2100188681 /* Main.storyboard in Resources */,
			);
			runOnlyForDeploymentPostprocessing = 0;
		};
		692F968E22162F2C00188681 /* Resources */ = {
			isa = PBXResourcesBuildPhase;
			buildActionMask = 2147483647;
			files = (
			);
			runOnlyForDeploymentPostprocessing = 0;
		};
		692F969922162F2C00188681 /* Resources */ = {
			isa = PBXResourcesBuildPhase;
			buildActionMask = 2147483647;
			files = (
			);
			runOnlyForDeploymentPostprocessing = 0;
		};
/* End PBXResourcesBuildPhase section */

/* Begin PBXSourcesBuildPhase section */
		692F967522162F2100188681 /* Sources */ = {
			isa = PBXSourcesBuildPhase;
			buildActionMask = 2147483647;
			files = (
				692F967F22162F2100188681 /* ViewController.swift in Sources */,
				692F968522162F2100188681 /* Hacker_Rank_App.xcdatamodeld in Sources */,
				692F967D22162F2100188681 /* AppDelegate.swift in Sources */,
			);
			runOnlyForDeploymentPostprocessing = 0;
		};
		692F968C22162F2C00188681 /* Sources */ = {
			isa = PBXSourcesBuildPhase;
			buildActionMask = 2147483647;
			files = (
				692F969522162F2C00188681 /* Hacker_Rank_AppTests.swift in Sources */,
			);
			runOnlyForDeploymentPostprocessing = 0;
		};
		692F969722162F2C00188681 /* Sources */ = {
			isa = PBXSourcesBuildPhase;
			buildActionMask = 2147483647;
			files = (
				692F96A022162F2C00188681 /* Hacker_Rank_AppUITests.swift in Sources */,
			);
			runOnlyForDeploymentPostprocessing = 0;
		};
/* End PBXSourcesBuildPhase section */

/* Begin PBXTargetDependency section */
		692F969222162F2C00188681 /* PBXTargetDependency */ = {
			isa = PBXTargetDependency;
			target = 692F967822162F2100188681 /* Hacker Rank App */;
			targetProxy = 692F969122162F2C00188681 /* PBXContainerItemProxy */;
		};
		692F969D22162F2C00188681 /* PBXTargetDependency */ = {
			isa = PBXTargetDependency;
			target = 692F967822162F2100188681 /* Hacker Rank App */;
			targetProxy = 692F969C22162F2C00188681 /* PBXContainerItemProxy */;
		};
/* End PBXTargetDependency section */

/* Begin PBXVariantGroup section */
		692F968022162F2100188681 /* Main.storyboard */ = {
			isa = PBXVariantGroup;
			children = (
				692F968122162F2100188681 /* Base */,
			);
			name = Main.storyboard;
			sourceTree = "<group>";
		};
		692F968822162F2B00188681 /* LaunchScreen.storyboard */ = {
			isa = PBXVariantGroup;
			children = (
				692F968922162F2B00188681 /* Base */,
			);
			name = LaunchScreen.storyboard;
			sourceTree = "<group>";
		};
/* End PBXVariantGroup section */

/* Begin XCBuildConfiguration section */
		692F96A222162F2C00188681 /* Debug */ = {
			isa = XCBuildConfiguration;
			buildSettings = {
				ALWAYS_SEARCH_USER_PATHS = NO;
				CLANG_ANALYZER_NONNULL = YES;
				CLANG_ANALYZER_NUMBER_OBJECT_CONVERSION = YES_AGGRESSIVE;
				CLANG_CXX_LANGUAGE_STANDARD = "gnu++14";
				CLANG_CXX_LIBRARY = "libc++";
				CLANG_ENABLE_MODULES = YES;
				CLANG_ENABLE_OBJC_ARC = YES;
				CLANG_ENABLE_OBJC_WEAK = YES;
				CLANG_WARN_BLOCK_CAPTURE_AUTORELEASING = YES;
				CLANG_WARN_BOOL_CONVERSION = YES;
				CLANG_WARN_COMMA = YES;
				CLANG_WARN_CONSTANT_CONVERSION = YES;
				CLANG_WARN_DEPRECATED_OBJC_IMPLEMENTATIONS = YES;
				CLANG_WARN_DIRECT_OBJC_ISA_USAGE = YES_ERROR;
				CLANG_WARN_DOCUMENTATION_COMMENTS = YES;
				CLANG_WARN_EMPTY_BODY = YES;
				CLANG_WARN_ENUM_CONVERSION = YES;
				CLANG_WARN_INFINITE_RECURSION = YES;
				CLANG_WARN_INT_CONVERSION = YES;
				CLANG_WARN_NON_LITERAL_NULL_CONVERSION = YES;
				CLANG_WARN_OBJC_IMPLICIT_RETAIN_SELF = YES;
				CLANG_WARN_OBJC_LITERAL_CONVERSION = YES;
				CLANG_WARN_OBJC_ROOT_CLASS = YES_ERROR;
				CLANG_WARN_RANGE_LOOP_ANALYSIS = YES;
				CLANG_WARN_STRICT_PROTOTYPES = YES;
				CLANG_WARN_SUSPICIOUS_MOVE = YES;
				CLANG_WARN_UNGUARDED_AVAILABILITY = YES_AGGRESSIVE;
				CLANG_WARN_UNREACHABLE_CODE = YES;
				CLANG_WARN__DUPLICATE_METHOD_MATCH = YES;
				CODE_SIGN_IDENTITY = "iPhone Developer";
				COPY_PHASE_STRIP = NO;
				DEBUG_INFORMATION_FORMAT = dwarf;
				ENABLE_STRICT_OBJC_MSGSEND = YES;
				ENABLE_TESTABILITY = YES;
				GCC_C_LANGUAGE_STANDARD = gnu11;
				GCC_DYNAMIC_NO_PIC = NO;
				GCC_NO_COMMON_BLOCKS = YES;
				GCC_OPTIMIZATION_LEVEL = 0;
				GCC_PREPROCESSOR_DEFINITIONS = (
					"DEBUG=1",
					"$(inherited)",
				);
				GCC_WARN_64_TO_32_BIT_CONVERSION = YES;
				GCC_WARN_ABOUT_RETURN_TYPE = YES_ERROR;
				GCC_WARN_UNDECLARED_SELECTOR = YES;
				GCC_WARN_UNINITIALIZED_AUTOS = YES_AGGRESSIVE;
				GCC_WARN_UNUSED_FUNCTION = YES;
				GCC_WARN_UNUSED_VARIABLE = YES;
				IPHONEOS_DEPLOYMENT_TARGET = 12.1;
				MTL_ENABLE_DEBUG_INFO = INCLUDE_SOURCE;
				MTL_FAST_MATH = YES;
				ONLY_ACTIVE_ARCH = YES;
				SDKROOT = iphoneos;
				SWIFT_ACTIVE_COMPILATION_CONDITIONS = DEBUG;
				SWIFT_OPTIMIZATION_LEVEL = "-Onone";
			};
			name = Debug;
		};
		692F96A322162F2C00188681 /* Release */ = {
			isa = XCBuildConfiguration;
			buildSettings = {
				ALWAYS_SEARCH_USER_PATHS = NO;
				CLANG_ANALYZER_NONNULL = YES;
				CLANG_ANALYZER_NUMBER_OBJECT_CONVERSION = YES_AGGRESSIVE;
				CLANG_CXX_LANGUAGE_STANDARD = "gnu++14";
				CLANG_CXX_LIBRARY = "libc++";
				CLANG_ENABLE_MODULES = YES;
				CLANG_ENABLE_OBJC_ARC = YES;
				CLANG_ENABLE_OBJC_WEAK = YES;
				CLANG_WARN_BLOCK_CAPTURE_AUTORELEASING = YES;
				CLANG_WARN_BOOL_CONVERSION = YES;
				CLANG_WARN_COMMA = YES;
				CLANG_WARN_CONSTANT_CONVERSION = YES;
				CLANG_WARN_DEPRECATED_OBJC_IMPLEMENTATIONS = YES;
				CLANG_WARN_DIRECT_OBJC_ISA_USAGE = YES_ERROR;
				CLANG_WARN_DOCUMENTATION_COMMENTS = YES;
				CLANG_WARN_EMPTY_BODY = YES;
				CLANG_WARN_ENUM_CONVERSION = YES;
				CLANG_WARN_INFINITE_RECURSION = YES;
				CLANG_WARN_INT_CONVERSION = YES;
				CLANG_WARN_NON_LITERAL_NULL_CONVERSION = YES;
				CLANG_WARN_OBJC_IMPLICIT_RETAIN_SELF = YES;
				CLANG_WARN_OBJC_LITERAL_CONVERSION = YES;
				CLANG_WARN_OBJC_ROOT_CLASS = YES_ERROR;
				CLANG_WARN_RANGE_LOOP_ANALYSIS = YES;
				CLANG_WARN_STRICT_PROTOTYPES = YES;
				CLANG_WARN_SUSPICIOUS_MOVE = YES;
				CLANG_WARN_UNGUARDED_AVAILABILITY = YES_AGGRESSIVE;
				CLANG_WARN_UNREACHABLE_CODE = YES;
				CLANG_WARN__DUPLICATE_METHOD_MATCH = YES;
				CODE_SIGN_IDENTITY = "iPhone Developer";
				COPY_PHASE_STRIP = NO;
				DEBUG_INFORMATION_FORMAT = "dwarf-with-dsym";
				ENABLE_NS_ASSERTIONS = NO;
				ENABLE_STRICT_OBJC_MSGSEND = YES;
				GCC_C_LANGUAGE_STANDARD = gnu11;
				GCC_NO_COMMON_BLOCKS = YES;
				GCC_WARN_64_TO_32_BIT_CONVERSION = YES;
				GCC_WARN_ABOUT_RETURN_TYPE = YES_ERROR;
				GCC_WARN_UNDECLARED_SELECTOR = YES;
				GCC_WARN_UNINITIALIZED_AUTOS = YES_AGGRESSIVE;
				GCC_WARN_UNUSED_FUNCTION = YES;
				GCC_WARN_UNUSED_VARIABLE = YES;
				IPHONEOS_DEPLOYMENT_TARGET = 12.1;
				MTL_ENABLE_DEBUG_INFO = NO;
				MTL_FAST_MATH = YES;
				SDKROOT = iphoneos;
				SWIFT_COMPILATION_MODE = wholemodule;
				SWIFT_OPTIMIZATION_LEVEL = "-O";
				VALIDATE_PRODUCT = YES;
			};
			name = Release;
		};
		692F96A522162F2C00188681 /* Debug */ = {
			isa = XCBuildConfiguration;
			buildSettings = {
				ASSETCATALOG_COMPILER_APPICON_NAME = AppIcon;
				CODE_SIGN_STYLE = Automatic;
				DEVELOPMENT_TEAM = FGKH9597NF;
				INFOPLIST_FILE = "Hacker Rank App/Info.plist";
				LD_RUNPATH_SEARCH_PATHS = (
					"$(inherited)",
					"@executable_path/Frameworks",
				);
				PRODUCT_BUNDLE_IDENTIFIER = "com.Alaeldin.Hacker-Rank-App";
				PRODUCT_NAME = "$(TARGET_NAME)";
				SWIFT_VERSION = 4.2;
				TARGETED_DEVICE_FAMILY = "1,2";
			};
			name = Debug;
		};
		692F96A622162F2C00188681 /* Release */ = {
			isa = XCBuildConfiguration;
			buildSettings = {
				ASSETCATALOG_COMPILER_APPICON_NAME = AppIcon;
				CODE_SIGN_STYLE = Automatic;
				DEVELOPMENT_TEAM = FGKH9597NF;
				INFOPLIST_FILE = "Hacker Rank App/Info.plist";
				LD_RUNPATH_SEARCH_PATHS = (
					"$(inherited)",
					"@executable_path/Frameworks",
				);
				PRODUCT_BUNDLE_IDENTIFIER = "com.Alaeldin.Hacker-Rank-App";
				PRODUCT_NAME = "$(TARGET_NAME)";
				SWIFT_VERSION = 4.2;
				TARGETED_DEVICE_FAMILY = "1,2";
			};
			name = Release;
		};
		692F96A822162F2C00188681 /* Debug */ = {
			isa = XCBuildConfiguration;
			buildSettings = {
				ALWAYS_EMBED_SWIFT_STANDARD_LIBRARIES = YES;
				BUNDLE_LOADER = "$(TEST_HOST)";
				CODE_SIGN_STYLE = Automatic;
				DEVELOPMENT_TEAM = FGKH9597NF;
				INFOPLIST_FILE = "Hacker Rank AppTests/Info.plist";
				LD_RUNPATH_SEARCH_PATHS = (
					"$(inherited)",
					"@executable_path/Frameworks",
					"@loader_path/Frameworks",
				);
				PRODUCT_BUNDLE_IDENTIFIER = "com.Alaeldin.Hacker-Rank-AppTests";
				PRODUCT_NAME = "$(TARGET_NAME)";
				SWIFT_VERSION = 4.2;
				TARGETED_DEVICE_FAMILY = "1,2";
				TEST_HOST = "$(BUILT_PRODUCTS_DIR)/Hacker Rank App.app/Hacker Rank App";
			};
			name = Debug;
		};
		692F96A922162F2C00188681 /* Release */ = {
			isa = XCBuildConfiguration;
			buildSettings = {
				ALWAYS_EMBED_SWIFT_STANDARD_LIBRARIES = YES;
				BUNDLE_LOADER = "$(TEST_HOST)";
				CODE_SIGN_STYLE = Automatic;
				DEVELOPMENT_TEAM = FGKH9597NF;
				INFOPLIST_FILE = "Hacker Rank AppTests/Info.plist";
				LD_RUNPATH_SEARCH_PATHS = (
					"$(inherited)",
					"@executable_path/Frameworks",
					"@loader_path/Frameworks",
				);
				PRODUCT_BUNDLE_IDENTIFIER = "com.Alaeldin.Hacker-Rank-AppTests";
				PRODUCT_NAME = "$(TARGET_NAME)";
				SWIFT_VERSION = 4.2;
				TARGETED_DEVICE_FAMILY = "1,2";
				TEST_HOST = "$(BUILT_PRODUCTS_DIR)/Hacker Rank App.app/Hacker Rank App";
			};
			name = Release;
		};
		692F96AB22162F2C00188681 /* Debug */ = {
			isa = XCBuildConfiguration;
			buildSettings = {
				ALWAYS_EMBED_SWIFT_STANDARD_LIBRARIES = YES;
				CODE_SIGN_STYLE = Automatic;
				DEVELOPMENT_TEAM = FGKH9597NF;
				INFOPLIST_FILE = "Hacker Rank AppUITests/Info.plist";
				LD_RUNPATH_SEARCH_PATHS = (
					"$(inherited)",
					"@executable_path/Frameworks",
					"@loader_path/Frameworks",
				);
				PRODUCT_BUNDLE_IDENTIFIER = "com.Alaeldin.Hacker-Rank-AppUITests";
				PRODUCT_NAME = "$(TARGET_NAME)";
				SWIFT_VERSION = 4.2;
				TARGETED_DEVICE_FAMILY = "1,2";
				TEST_TARGET_NAME = "Hacker Rank App";
			};
			name = Debug;
		};
		692F96AC22162F2C00188681 /* Release */ = {
			isa = XCBuildConfiguration;
			buildSettings = {
				ALWAYS_EMBED_SWIFT_STANDARD_LIBRARIES = YES;
				CODE_SIGN_STYLE = Automatic;
				DEVELOPMENT_TEAM = FGKH9597NF;
				INFOPLIST_FILE = "Hacker Rank AppUITests/Info.plist";
				LD_RUNPATH_SEARCH_PATHS = (
					"$(inherited)",
					"@executable_path/Frameworks",
					"@loader_path/Frameworks",
				);
				PRODUCT_BUNDLE_IDENTIFIER = "com.Alaeldin.Hacker-Rank-AppUITests";
				PRODUCT_NAME = "$(TARGET_NAME)";
				SWIFT_VERSION = 4.2;
				TARGETED_DEVICE_FAMILY = "1,2";
				TEST_TARGET_NAME = "Hacker Rank App";
			};
			name = Release;
		};
/* End XCBuildConfiguration section */

/* Begin XCConfigurationList section */
		692F967422162F2100188681 /* Build configuration list for PBXProject "Hacker Rank App" */ = {
			isa = XCConfigurationList;
			buildConfigurations = (
				692F96A222162F2C00188681 /* Debug */,
				692F96A322162F2C00188681 /* Release */,
			);
			defaultConfigurationIsVisible = 0;
			defaultConfigurationName = Release;
		};
		692F96A422162F2C00188681 /* Build configuration list for PBXNativeTarget "Hacker Rank App" */ = {
			isa = XCConfigurationList;
			buildConfigurations = (
				692F96A522162F2C00188681 /* Debug */,
				692F96A622162F2C00188681 /* Release */,
			);
			defaultConfigurationIsVisible = 0;
			defaultConfigurationName = Release;
		};
		692F96A722162F2C00188681 /* Build configuration list for PBXNativeTarget "Hacker Rank AppTests" */ = {
			isa = XCConfigurationList;
			buildConfigurations = (
				692F96A822162F2C00188681 /* Debug */,
				692F96A922162F2C00188681 /* Release */,
			);
			defaultConfigurationIsVisible = 0;
			defaultConfigurationName = Release;
		};
		692F96AA22162F2C00188681 /* Build configuration list for PBXNativeTarget "Hacker Rank AppUITests" */ = {
			isa = XCConfigurationList;
			buildConfigurations = (
				692F96AB22162F2C00188681 /* Debug */,
				692F96AC22162F2C00188681 /* Release */,
			);
			defaultConfigurationIsVisible = 0;
			defaultConfigurationName = Release;
		};
/* End XCConfigurationList section */

/* Begin XCVersionGroup section */
		692F968322162F2100188681 /* Hacker_Rank_App.xcdatamodeld */ = {
			isa = XCVersionGroup;
			children = (
				692F968422162F2100188681 /* Hacker_Rank_App.xcdatamodel */,
			);
			currentVersion = 692F968422162F2100188681 /* Hacker_Rank_App.xcdatamodel */;
			path = Hacker_Rank_App.xcdatamodeld;
			sourceTree = "<group>";
			versionGroupType = wrapper.xcdatamodel;
		};
/* End XCVersionGroup section */
	};
	rootObject = 692F967122162F2100188681 /* Project object */;
}
